
Microsoft Visual Studio Solution File, Format Version 12.00
# Visual Studio Version 17
VisualStudioVersion = 17.3.32922.545
MinimumVisualStudioVersion = 10.0.40219.1
Project("{9A19103F-16F7-4668-BE54-9A1E7A4F7556}") = "ProductAPI", "ProductAPI\ProductAPI.csproj", "{53297332-7CD5-49BB-909D-E37490741AD1}"
EndProject
Project("{9A19103F-16F7-4668-BE54-9A1E7A4F7556}") = "ProductAPI.Tests", "ProductAPI.Tests\ProductAPI.Tests.csproj", "{8515CDA0-D2AA-4F18-9A1C-89BF54E770E8}"
EndProject
Project("{FAE04EC0-301F-11D3-BF4B-00C04F79EFBC}") = "ProductAPI.Tests.Acceptance", "ProductAPI.Tests.Acceptance\ProductAPI.Tests.Acceptance.csproj", "{FE884AA2-C505-4BAE-B68D-BCB2BC8DCFD2}"
EndProject
Global
	GlobalSection(SolutionConfigurationPlatforms) = preSolution
		Debug|Any CPU = Debug|Any CPU
		Release|Any CPU = Release|Any CPU
	EndGlobalSection
	GlobalSection(ProjectConfigurationPlatforms) = postSolution
		{53297332-7CD5-49BB-909D-E37490741AD1}.Debug|Any CPU.ActiveCfg = Debug|Any CPU
		{53297332-7CD5-49BB-909D-E37490741AD1}.Debug|Any CPU.Build.0 = Debug|Any CPU
		{53297332-7CD5-49BB-909D-E37490741AD1}.Release|Any CPU.ActiveCfg = Release|Any CPU
		{53297332-7CD5-49BB-909D-E37490741AD1}.Release|Any CPU.Build.0 = Release|Any CPU
		{8515CDA0-D2AA-4F18-9A1C-89BF54E770E8}.Debug|Any CPU.ActiveCfg = Debug|Any CPU
		{8515CDA0-D2AA-4F18-9A1C-89BF54E770E8}.Debug|Any CPU.Build.0 = Debug|Any CPU
		{8515CDA0-D2AA-4F18-9A1C-89BF54E770E8}.Release|Any CPU.ActiveCfg = Release|Any CPU
		{8515CDA0-D2AA-4F18-9A1C-89BF54E770E8}.Release|Any CPU.Build.0 = Release|Any CPU
		{FE884AA2-C505-4BAE-B68D-BCB2BC8DCFD2}.Debug|Any CPU.ActiveCfg = Debug|Any CPU
		{FE884AA2-C505-4BAE-B68D-BCB2BC8DCFD2}.Debug|Any CPU.Build.0 = Debug|Any CPU
		{FE884AA2-C505-4BAE-B68D-BCB2BC8DCFD2}.Release|Any CPU.ActiveCfg = Release|Any CPU
		{FE884AA2-C505-4BAE-B68D-BCB2BC8DCFD2}.Release|Any CPU.Build.0 = Release|Any CPU
	EndGlobalSection
	GlobalSection(SolutionProperties) = preSolution
		HideSolutionNode = FALSE
	EndGlobalSection
	GlobalSection(ExtensibilityGlobals) = postSolution
		SolutionGuid = {3E02A277-B673-45EF-9882-99C84B8859C6}
	EndGlobalSection
EndGlobal
